
Microsoft Visual Studio Solution File, Format Version 12.00
# Visual Studio 15
VisualStudioVersion = 15.0.27130.2003
MinimumVisualStudioVersion = 10.0.40219.1
Project("{FAE04EC0-301F-11D3-BF4B-00C04F79EFBC}") = "Assignment2MVC", "Assignment2MVC\Assignment2MVC.csproj", "{0FE2CFBB-1EAB-4CDF-AFC7-0D653AA37CE6}"
EndProject
Global
	GlobalSection(SolutionConfigurationPlatforms) = preSolution
		Debug|Any CPU = Debug|Any CPU
		Release|Any CPU = Release|Any CPU
	EndGlobalSection
	GlobalSection(ProjectConfigurationPlatforms) = postSolution
		{0FE2CFBB-1EAB-4CDF-AFC7-0D653AA37CE6}.Debug|Any CPU.ActiveCfg = Debug|Any CPU
		{0FE2CFBB-1EAB-4CDF-AFC7-0D653AA37CE6}.Debug|Any CPU.Build.0 = Debug|Any CPU
		{0FE2CFBB-1EAB-4CDF-AFC7-0D653AA37CE6}.Release|Any CPU.ActiveCfg = Release|Any CPU
		{0FE2CFBB-1EAB-4CDF-AFC7-0D653AA37CE6}.Release|Any CPU.Build.0 = Release|Any CPU
	EndGlobalSection
	GlobalSection(SolutionProperties) = preSolution
		HideSolutionNode = FALSE
	EndGlobalSection
	GlobalSection(ExtensibilityGlobals) = postSolution
		SolutionGuid = {4DA3F577-A500-4FC2-8818-A8D1248AF20B}
	EndGlobalSection
EndGlobal
